
Microsoft Visual Studio Solution File, Format Version 12.00
# Visual Studio Version 16
VisualStudioVersion = 16.0.809.6
MinimumVisualStudioVersion = 10.0.40219.1
Project("{FAE04EC0-301F-11D3-BF4B-00C04F79EFBC}") = "DotNetDuckDuckGoSearch", "DotNetDuckDuckGoTests\DotNetDuckDuckGoSearch.csproj", "{8EA85CBD-1A76-4F79-85EC-097BE4E52831}"
EndProject
Global
	GlobalSection(SolutionConfigurationPlatforms) = preSolution
		Debug|Any CPU = Debug|Any CPU
		Release|Any CPU = Release|Any CPU
	EndGlobalSection
	GlobalSection(ProjectConfigurationPlatforms) = postSolution
		{8EA85CBD-1A76-4F79-85EC-097BE4E52831}.Debug|Any CPU.ActiveCfg = Debug|Any CPU
		{8EA85CBD-1A76-4F79-85EC-097BE4E52831}.Debug|Any CPU.Build.0 = Debug|Any CPU
		{8EA85CBD-1A76-4F79-85EC-097BE4E52831}.Release|Any CPU.ActiveCfg = Release|Any CPU
		{8EA85CBD-1A76-4F79-85EC-097BE4E52831}.Release|Any CPU.Build.0 = Release|Any CPU
	EndGlobalSection
	GlobalSection(SolutionProperties) = preSolution
		HideSolutionNode = FALSE
	EndGlobalSection
	GlobalSection(ExtensibilityGlobals) = postSolution
		SolutionGuid = {E4D261AE-873D-4559-9431-DC360D48E490}
	EndGlobalSection
EndGlobal
